# This file is automatically @generated by Poetry 1.8.2 and should not be changed by hand.

[[package]]
name = "cmd2"
version = "2.5.7"
description = "cmd2 - quickly build feature-rich and user-friendly interactive command line applications in Python"
optional = false
python-versions = ">=3.8"
files = [
    {file = "cmd2-2.5.7-py3-none-any.whl", hash = "sha256:7e5856fd1a75716288d4638e68946f9697404f377dfdeeddc19045c7012de9b7"},
    {file = "cmd2-2.5.7.tar.gz", hash = "sha256:0219e2bb75075fa16deffb88edf86efdd2a87439d1fa7b94fdea4b929a3dc914"},
]

[package.dependencies]
gnureadline = {version = "*", markers = "platform_system == \"Darwin\""}
pyperclip = "*"
pyreadline3 = {version = "*", markers = "platform_system == \"Windows\""}
wcwidth = "*"

[package.extras]
build = ["build", "setuptools", "setuptools-scm"]
dev = ["codecov", "doc8", "invoke", "mypy", "pytest", "pytest-cov", "pytest-mock", "ruff", "sphinx", "sphinx-autobuild", "sphinx-rtd-theme", "twine"]
docs = ["setuptools", "setuptools_scm", "sphinx", "sphinx-autobuild", "sphinx-rtd-theme"]
test = ["codecov", "coverage", "pytest", "pytest-cov", "pytest-mock"]
validate = ["mypy", "ruff", "types-setuptools"]

[[package]]
name = "gnureadline"
version = "8.2.13"
description = "The standard Python readline extension statically linked against the GNU readline library."
optional = false
python-versions = "*"
files = [
    {file = "gnureadline-8.2.13-cp310-cp310-macosx_10_9_x86_64.whl", hash = "sha256:0ca03501ce0939d7ecf9d075860d6f6ceb2f49f30331b4e96e4678ce03687bab"},
    {file = "gnureadline-8.2.13-cp310-cp310-macosx_11_0_arm64.whl", hash = "sha256:c28e33bfc56d4204693f213abeab927f65c505ce91f668a039720bc7c46b0353"},
    {file = "gnureadline-8.2.13-cp310-cp310-manylinux_2_17_aarch64.manylinux2014_aarch64.whl", hash = "sha256:6472e3a780087eecd67c03e5455aecb209de51bcae74583222976f6b816f6192"},
    {file = "gnureadline-8.2.13-cp310-cp310-manylinux_2_17_x86_64.manylinux2014_x86_64.whl", hash = "sha256:94b143ea5d22b0c1ca4a591265afe135272c69b7757e968e34fbb47a7858d1ce"},
    {file = "gnureadline-8.2.13-cp311-cp311-macosx_10_9_x86_64.whl", hash = "sha256:561a60b12f74ea7234036cc4fe558f3b46023be0dac5ed73541ece58cba2f88a"},
    {file = "gnureadline-8.2.13-cp311-cp311-macosx_11_0_arm64.whl", hash = "sha256:daa405028b9fe92bfbb93624e13e0674a242a1c5434b70ef61a04294502fdb65"},
    {file = "gnureadline-8.2.13-cp311-cp311-manylinux_2_17_aarch64.manylinux2014_aarch64.whl", hash = "sha256:576dac060887adc6067ee9d23fb2f0031fb2b3e560e07a6c9e666e05f0473af7"},
    {file = "gnureadline-8.2.13-cp311-cp311-manylinux_2_17_x86_64.manylinux2014_x86_64.whl", hash = "sha256:10fcaf561bc4ed6ab7075ab3ead188a18faaf4e6e92d916f81a09c0a670ce906"},
    {file = "gnureadline-8.2.13-cp312-cp312-macosx_10_13_x86_64.whl", hash = "sha256:9c152a82613fa012ab4331bb9a0ffddb415e37561d376b910bf9e7d535607faf"},
    {file = "gnureadline-8.2.13-cp312-cp312-macosx_11_0_arm64.whl", hash = "sha256:85e362d2d0e85e45f0affae7bbfaf998b00167c55a78d31ee0f214de9ff429d2"},
    {file = "gnureadline-8.2.13-cp312-cp312-manylinux_2_17_aarch64.manylinux2014_aarch64.whl", hash = "sha256:b69e6608cc94e110018b721a11718d480a6330e0b62cbab65a22880e84011205"},
    {file = "gnureadline-8.2.13-cp312-cp312-manylinux_2_17_x86_64.manylinux2014_x86_64.whl", hash = "sha256:0cc77fc9c8a8fcf10e0a554e49ee763219683386b8f906b7e6ef07c9e40e8420"},
    {file = "gnureadline-8.2.13-cp313-cp313-macosx_10_13_x86_64.whl", hash = "sha256:2d3e33d2e0dd694d623a2ca1fae6990b52f1d25955504b7293a9350fb9912940"},
    {file = "gnureadline-8.2.13-cp313-cp313-macosx_11_0_arm64.whl", hash = "sha256:6c550d08c4d2882a83293a724b14a262ee5078fd4fa7acdc78aa59cab26ae343"},
    {file = "gnureadline-8.2.13-cp313-cp313-manylinux_2_17_aarch64.manylinux2014_aarch64.whl", hash = "sha256:a7d6e3f5d9fd0cf8a84fb382d4e3ad2914331be4d929f17d50da01f1571c4b03"},
    {file = "gnureadline-8.2.13-cp313-cp313-manylinux_2_17_x86_64.manylinux2014_x86_64.whl", hash = "sha256:f59275168cae1b02ca1ec7586a9804bb04ce427df92f8582a80d16e96c846b78"},
    {file = "gnureadline-8.2.13-cp36-cp36m-macosx_10_9_x86_64.whl", hash = "sha256:59c5505026646da6d5ced6a5316d6d191d011e8be422cba4abce71730ef37dc6"},
    {file = "gnureadline-8.2.13-cp36-cp36m-manylinux_2_17_aarch64.manylinux2014_aarch64.whl", hash = "sha256:3f1050ecf789f34d0ab0aacdb605f177725009a864e0038e70380614af92dc0d"},
    {file = "gnureadline-8.2.13-cp36-cp36m-manylinux_2_17_x86_64.manylinux2014_x86_64.whl", hash = "sha256:23b43c8e9e2e6566cb3094749826181a86dba1d94b1e023b5f9923dc26e37876"},
    {file = "gnureadline-8.2.13-cp37-cp37m-macosx_10_9_x86_64.whl", hash = "sha256:4f5fc90af56a1ae6f88c9c7122fc76141c395b6c342a63800abed8c813f48b85"},
    {file = "gnureadline-8.2.13-cp37-cp37m-manylinux_2_17_aarch64.manylinux2014_aarch64.whl", hash = "sha256:d708e8f655d3b556a138f13e9fcb2d8a10a6901e3125c04cad5ef7c883191fe8"},
    {file = "gnureadline-8.2.13-cp37-cp37m-manylinux_2_17_x86_64.manylinux2014_x86_64.whl", hash = "sha256:265bcf6ef7082e130160fb34b9664284affb216a22c5bffcd518b35d02bcc4e9"},
    {file = "gnureadline-8.2.13-cp38-cp38-macosx_10_9_x86_64.whl", hash = "sha256:07231f8191adb7f204010a86a91df9df9a80944981a16576a471f59304ad6a16"},
    {file = "gnureadline-8.2.13-cp38-cp38-manylinux_2_17_aarch64.manylinux2014_aarch64.whl", hash = "sha256:30cc1b6cb11d94554815cb91eb1dfa6a11887185aae50f253adaa393e91c6a86"},
    {file = "gnureadline-8.2.13-cp38-cp38-manylinux_2_17_x86_64.manylinux2014_x86_64.whl", hash = "sha256:50c40bfffffa82d4fcb0fde4940d4ff128ba2f876c1da09bae9d6d9ff770095e"},
    {file = "gnureadline-8.2.13-cp39-cp39-macosx_10_9_x86_64.whl", hash = "sha256:dcfa601d95c00aa670ec5e4bf791caf6ba0bcf266de940fb54d44c278bd302fe"},
    {file = "gnureadline-8.2.13-cp39-cp39-macosx_11_0_arm64.whl", hash = "sha256:c7b8d3f2a2c9b7e6feaf1f20bdb6ebb8210e207b8c5360ffe407a47efeeb3fb8"},
    {file = "gnureadline-8.2.13-cp39-cp39-manylinux_2_17_aarch64.manylinux2014_aarch64.whl", hash = "sha256:811d85a70ac97cddeb1755282915e8a93c279dcf89513426f28617b8feff5aec"},
    {file = "gnureadline-8.2.13-cp39-cp39-manylinux_2_17_x86_64.manylinux2014_x86_64.whl", hash = "sha256:4f57a3aa97c3379b2513c8bfbac0de2dfb41f695623c0b2ad337babb646b51a7"},
    {file = "gnureadline-8.2.13.tar.gz", hash = "sha256:c9b9e1e7ba99a80bb50c12027d6ce692574f77a65bf57bc97041cf81c0f49bd1"},
]

[[package]]
name = "pyperclip"
version = "1.9.0"
description = "A cross-platform clipboard module for Python. (Only handles plain text for now.)"
optional = false
python-versions = "*"
files = [
    {file = "pyperclip-1.9.0.tar.gz", hash = "sha256:b7de0142ddc81bfc5c7507eea19da920b92252b548b96186caf94a5e2527d310"},
]

[[package]]
name = "pyreadline3"
version = "3.5.4"
description = "A python implementation of GNU readline."
optional = false
python-versions = ">=3.8"
files = [
    {file = "pyreadline3-3.5.4-py3-none-any.whl", hash = "sha256:eaf8e6cc3c49bcccf145fc6067ba8643d1df34d604a1ec0eccbf7a18e6d3fae6"},
    {file = "pyreadline3-3.5.4.tar.gz", hash = "sha256:8d57d53039a1c75adba8e50dd3d992b28143480816187ea5efbd5c78e6c885b7"},
]

[package.extras]
dev = ["build", "flake8", "mypy", "pytest", "twine"]

[[package]]
name = "wcwidth"
version = "0.2.13"
description = "Measures the displayed width of unicode strings in a terminal"
optional = false
python-versions = "*"
files = [
    {file = "wcwidth-0.2.13-py2.py3-none-any.whl", hash = "sha256:3da69048e4540d84af32131829ff948f1e022c1c6bdb8d6102117aac784f6859"},
    {file = "wcwidth-0.2.13.tar.gz", hash = "sha256:72ea0c06399eb286d978fdedb6923a9eb47e1c486ce63e9b4e64fc18303972b5"},
]

[metadata]
lock-version = "2.0"
python-versions = "^3.11"
content-hash = "cde817a6b2a0730e5b109bc036e7557d52f869c0d22f9ccf481ab75ea49d6b20"
